// !$*UTF8*$!
{
	archiveVersion = 1;
	classes = {
	};
	objectVersion = 50;
	objects = {

/* Begin PBXBuildFile section */
		BE03A47324453A3100590983 /* AppDelegate.swift in Sources */ = {isa = PBXBuildFile; fileRef = BE03A47224453A3100590983 /* AppDelegate.swift */; };
		BE03A47524453A3100590983 /* SceneDelegate.swift in Sources */ = {isa = PBXBuildFile; fileRef = BE03A47424453A3100590983 /* SceneDelegate.swift */; };
		BE03A47724453A3100590983 /* ViewController.swift in Sources */ = {isa = PBXBuildFile; fileRef = BE03A47624453A3100590983 /* ViewController.swift */; };
		BE03A47A24453A3100590983 /* Main.storyboard in Resources */ = {isa = PBXBuildFile; fileRef = BE03A47824453A3100590983 /* Main.storyboard */; };
		BE03A47C24453A3700590983 /* Assets.xcassets in Resources */ = {isa = PBXBuildFile; fileRef = BE03A47B24453A3700590983 /* Assets.xcassets */; };
		BE03A47F24453A3700590983 /* LaunchScreen.storyboard in Resources */ = {isa = PBXBuildFile; fileRef = BE03A47D24453A3700590983 /* LaunchScreen.storyboard */; };
		BE03A48A24453A3700590983 /* EasyHangoutsTests.swift in Sources */ = {isa = PBXBuildFile; fileRef = BE03A48924453A3700590983 /* EasyHangoutsTests.swift */; };
		BE03A49524453A3700590983 /* EasyHangoutsUITests.swift in Sources */ = {isa = PBXBuildFile; fileRef = BE03A49424453A3700590983 /* EasyHangoutsUITests.swift */; };
/* End PBXBuildFile section */

/* Begin PBXContainerItemProxy section */
		BE03A48624453A3700590983 /* PBXContainerItemProxy */ = {
			isa = PBXContainerItemProxy;
			containerPortal = BE03A46724453A3100590983 /* Project object */;
			proxyType = 1;
			remoteGlobalIDString = BE03A46E24453A3100590983;
			remoteInfo = EasyHangouts;
		};
		BE03A49124453A3700590983 /* PBXContainerItemProxy */ = {
			isa = PBXContainerItemProxy;
			containerPortal = BE03A46724453A3100590983 /* Project object */;
			proxyType = 1;
			remoteGlobalIDString = BE03A46E24453A3100590983;
			remoteInfo = EasyHangouts;
		};
/* End PBXContainerItemProxy section */

/* Begin PBXFileReference section */
		BE03A46F24453A3100590983 /* EasyHangouts.app */ = {isa = PBXFileReference; explicitFileType = wrapper.application; includeInIndex = 0; path = EasyHangouts.app; sourceTree = BUILT_PRODUCTS_DIR; };
		BE03A47224453A3100590983 /* AppDelegate.swift */ = {isa = PBXFileReference; lastKnownFileType = sourcecode.swift; path = AppDelegate.swift; sourceTree = "<group>"; };
		BE03A47424453A3100590983 /* SceneDelegate.swift */ = {isa = PBXFileReference; lastKnownFileType = sourcecode.swift; path = SceneDelegate.swift; sourceTree = "<group>"; };
		BE03A47624453A3100590983 /* ViewController.swift */ = {isa = PBXFileReference; lastKnownFileType = sourcecode.swift; path = ViewController.swift; sourceTree = "<group>"; };
		BE03A47924453A3100590983 /* Base */ = {isa = PBXFileReference; lastKnownFileType = file.storyboard; name = Base; path = Base.lproj/Main.storyboard; sourceTree = "<group>"; };
		BE03A47B24453A3700590983 /* Assets.xcassets */ = {isa = PBXFileReference; lastKnownFileType = folder.assetcatalog; path = Assets.xcassets; sourceTree = "<group>"; };
		BE03A47E24453A3700590983 /* Base */ = {isa = PBXFileReference; lastKnownFileType = file.storyboard; name = Base; path = Base.lproj/LaunchScreen.storyboard; sourceTree = "<group>"; };
		BE03A48024453A3700590983 /* Info.plist */ = {isa = PBXFileReference; lastKnownFileType = text.plist.xml; path = Info.plist; sourceTree = "<group>"; };
		BE03A48524453A3700590983 /* EasyHangoutsTests.xctest */ = {isa = PBXFileReference; explicitFileType = wrapper.cfbundle; includeInIndex = 0; path = EasyHangoutsTests.xctest; sourceTree = BUILT_PRODUCTS_DIR; };
		BE03A48924453A3700590983 /* EasyHangoutsTests.swift */ = {isa = PBXFileReference; lastKnownFileType = sourcecode.swift; path = EasyHangoutsTests.swift; sourceTree = "<group>"; };
		BE03A48B24453A3700590983 /* Info.plist */ = {isa = PBXFileReference; lastKnownFileType = text.plist.xml; path = Info.plist; sourceTree = "<group>"; };
		BE03A49024453A3700590983 /* EasyHangoutsUITests.xctest */ = {isa = PBXFileReference; explicitFileType = wrapper.cfbundle; includeInIndex = 0; path = EasyHangoutsUITests.xctest; sourceTree = BUILT_PRODUCTS_DIR; };
		BE03A49424453A3700590983 /* EasyHangoutsUITests.swift */ = {isa = PBXFileReference; lastKnownFileType = sourcecode.swift; path = EasyHangoutsUITests.swift; sourceTree = "<group>"; };
		BE03A49624453A3800590983 /* Info.plist */ = {isa = PBXFileReference; lastKnownFileType = text.plist.xml; path = Info.plist; sourceTree = "<group>"; };
/* End PBXFileReference section */

/* Begin PBXFrameworksBuildPhase section */
		BE03A46C24453A3100590983 /* Frameworks */ = {
			isa = PBXFrameworksBuildPhase;
			buildActionMask = 2147483647;
			files = (
			);
			runOnlyForDeploymentPostprocessing = 0;
		};
		BE03A48224453A3700590983 /* Frameworks */ = {
			isa = PBXFrameworksBuildPhase;
			buildActionMask = 2147483647;
			files = (
			);
			runOnlyForDeploymentPostprocessing = 0;
		};
		BE03A48D24453A3700590983 /* Frameworks */ = {
			isa = PBXFrameworksBuildPhase;
			buildActionMask = 2147483647;
			files = (
			);
			runOnlyForDeploymentPostprocessing = 0;
		};
/* End PBXFrameworksBuildPhase section */

/* Begin PBXGroup section */
		BE03A46624453A3100590983 = {
			isa = PBXGroup;
			children = (
				BE03A47124453A3100590983 /* EasyHangouts */,
				BE03A48824453A3700590983 /* EasyHangoutsTests */,
				BE03A49324453A3700590983 /* EasyHangoutsUITests */,
				BE03A47024453A3100590983 /* Products */,
			);
			sourceTree = "<group>";
		};
		BE03A47024453A3100590983 /* Products */ = {
			isa = PBXGroup;
			children = (
				BE03A46F24453A3100590983 /* EasyHangouts.app */,
				BE03A48524453A3700590983 /* EasyHangoutsTests.xctest */,
				BE03A49024453A3700590983 /* EasyHangoutsUITests.xctest */,
			);
			name = Products;
			sourceTree = "<group>";
		};
		BE03A47124453A3100590983 /* EasyHangouts */ = {
			isa = PBXGroup;
			children = (
				BE03A47224453A3100590983 /* AppDelegate.swift */,
				BE03A47424453A3100590983 /* SceneDelegate.swift */,
				BE03A47624453A3100590983 /* ViewController.swift */,
				BE03A47824453A3100590983 /* Main.storyboard */,
				BE03A47B24453A3700590983 /* Assets.xcassets */,
				BE03A47D24453A3700590983 /* LaunchScreen.storyboard */,
				BE03A48024453A3700590983 /* Info.plist */,
			);
			path = EasyHangouts;
			sourceTree = "<group>";
		};
		BE03A48824453A3700590983 /* EasyHangoutsTests */ = {
			isa = PBXGroup;
			children = (
				BE03A48924453A3700590983 /* EasyHangoutsTests.swift */,
				BE03A48B24453A3700590983 /* Info.plist */,
			);
			path = EasyHangoutsTests;
			sourceTree = "<group>";
		};
		BE03A49324453A3700590983 /* EasyHangoutsUITests */ = {
			isa = PBXGroup;
			children = (
				BE03A49424453A3700590983 /* EasyHangoutsUITests.swift */,
				BE03A49624453A3800590983 /* Info.plist */,
			);
			path = EasyHangoutsUITests;
			sourceTree = "<group>";
		};
/* End PBXGroup section */

/* Begin PBXNativeTarget section */
		BE03A46E24453A3100590983 /* EasyHangouts */ = {
			isa = PBXNativeTarget;
			buildConfigurationList = BE03A49924453A3800590983 /* Build configuration list for PBXNativeTarget "EasyHangouts" */;
			buildPhases = (
				BE03A46B24453A3100590983 /* Sources */,
				BE03A46C24453A3100590983 /* Frameworks */,
				BE03A46D24453A3100590983 /* Resources */,
			);
			buildRules = (
			);
			dependencies = (
			);
			name = EasyHangouts;
			productName = EasyHangouts;
			productReference = BE03A46F24453A3100590983 /* EasyHangouts.app */;
			productType = "com.apple.product-type.application";
		};
		BE03A48424453A3700590983 /* EasyHangoutsTests */ = {
			isa = PBXNativeTarget;
			buildConfigurationList = BE03A49C24453A3800590983 /* Build configuration list for PBXNativeTarget "EasyHangoutsTests" */;
			buildPhases = (
				BE03A48124453A3700590983 /* Sources */,
				BE03A48224453A3700590983 /* Frameworks */,
				BE03A48324453A3700590983 /* Resources */,
			);
			buildRules = (
			);
			dependencies = (
				BE03A48724453A3700590983 /* PBXTargetDependency */,
			);
			name = EasyHangoutsTests;
			productName = EasyHangoutsTests;
			productReference = BE03A48524453A3700590983 /* EasyHangoutsTests.xctest */;
			productType = "com.apple.product-type.bundle.unit-test";
		};
		BE03A48F24453A3700590983 /* EasyHangoutsUITests */ = {
			isa = PBXNativeTarget;
			buildConfigurationList = BE03A49F24453A3800590983 /* Build configuration list for PBXNativeTarget "EasyHangoutsUITests" */;
			buildPhases = (
				BE03A48C24453A3700590983 /* Sources */,
				BE03A48D24453A3700590983 /* Frameworks */,
				BE03A48E24453A3700590983 /* Resources */,
			);
			buildRules = (
			);
			dependencies = (
				BE03A49224453A3700590983 /* PBXTargetDependency */,
			);
			name = EasyHangoutsUITests;
			productName = EasyHangoutsUITests;
			productReference = BE03A49024453A3700590983 /* EasyHangoutsUITests.xctest */;
			productType = "com.apple.product-type.bundle.ui-testing";
		};
/* End PBXNativeTarget section */

/* Begin PBXProject section */
		BE03A46724453A3100590983 /* Project object */ = {
			isa = PBXProject;
			attributes = {
				LastSwiftUpdateCheck = 1130;
				LastUpgradeCheck = 1130;
				ORGANIZATIONNAME = "Gautam Shiv Ramesh";
				TargetAttributes = {
					BE03A46E24453A3100590983 = {
						CreatedOnToolsVersion = 11.3.1;
					};
					BE03A48424453A3700590983 = {
						CreatedOnToolsVersion = 11.3.1;
						TestTargetID = BE03A46E24453A3100590983;
					};
					BE03A48F24453A3700590983 = {
						CreatedOnToolsVersion = 11.3.1;
						TestTargetID = BE03A46E24453A3100590983;
					};
				};
			};
			buildConfigurationList = BE03A46A24453A3100590983 /* Build configuration list for PBXProject "EasyHangouts" */;
			compatibilityVersion = "Xcode 9.3";
			developmentRegion = en;
			hasScannedForEncodings = 0;
			knownRegions = (
				en,
				Base,
			);
			mainGroup = BE03A46624453A3100590983;
			productRefGroup = BE03A47024453A3100590983 /* Products */;
			projectDirPath = "";
			projectRoot = "";
			targets = (
				BE03A46E24453A3100590983 /* EasyHangouts */,
				BE03A48424453A3700590983 /* EasyHangoutsTests */,
				BE03A48F24453A3700590983 /* EasyHangoutsUITests */,
			);
		};
/* End PBXProject section */

/* Begin PBXResourcesBuildPhase section */
		BE03A46D24453A3100590983 /* Resources */ = {
			isa = PBXResourcesBuildPhase;
			buildActionMask = 2147483647;
			files = (
				BE03A47F24453A3700590983 /* LaunchScreen.storyboard in Resources */,
				BE03A47C24453A3700590983 /* Assets.xcassets in Resources */,
				BE03A47A24453A3100590983 /* Main.storyboard in Resources */,
			);
			runOnlyForDeploymentPostprocessing = 0;
		};
		BE03A48324453A3700590983 /* Resources */ = {
			isa = PBXResourcesBuildPhase;
			buildActionMask = 2147483647;
			files = (
			);
			runOnlyForDeploymentPostprocessing = 0;
		};
		BE03A48E24453A3700590983 /* Resources */ = {
			isa = PBXResourcesBuildPhase;
			buildActionMask = 2147483647;
			files = (
			);
			runOnlyForDeploymentPostprocessing = 0;
		};
/* End PBXResourcesBuildPhase section */

/* Begin PBXSourcesBuildPhase section */
		BE03A46B24453A3100590983 /* Sources */ = {
			isa = PBXSourcesBuildPhase;
			buildActionMask = 2147483647;
			files = (
				BE03A47724453A3100590983 /* ViewController.swift in Sources */,
				BE03A47324453A3100590983 /* AppDelegate.swift in Sources */,
				BE03A47524453A3100590983 /* SceneDelegate.swift in Sources */,
			);
			runOnlyForDeploymentPostprocessing = 0;
		};
		BE03A48124453A3700590983 /* Sources */ = {
			isa = PBXSourcesBuildPhase;
			buildActionMask = 2147483647;
			files = (
				BE03A48A24453A3700590983 /* EasyHangoutsTests.swift in Sources */,
			);
			runOnlyForDeploymentPostprocessing = 0;
		};
		BE03A48C24453A3700590983 /* Sources */ = {
			isa = PBXSourcesBuildPhase;
			buildActionMask = 2147483647;
			files = (
				BE03A49524453A3700590983 /* EasyHangoutsUITests.swift in Sources */,
			);
			runOnlyForDeploymentPostprocessing = 0;
		};
/* End PBXSourcesBuildPhase section */

/* Begin PBXTargetDependency section */
		BE03A48724453A3700590983 /* PBXTargetDependency */ = {
			isa = PBXTargetDependency;
			target = BE03A46E24453A3100590983 /* EasyHangouts */;
			targetProxy = BE03A48624453A3700590983 /* PBXContainerItemProxy */;
		};
		BE03A49224453A3700590983 /* PBXTargetDependency */ = {
			isa = PBXTargetDependency;
			target = BE03A46E24453A3100590983 /* EasyHangouts */;
			targetProxy = BE03A49124453A3700590983 /* PBXContainerItemProxy */;
		};
/* End PBXTargetDependency section */

/* Begin PBXVariantGroup section */
		BE03A47824453A3100590983 /* Main.storyboard */ = {
			isa = PBXVariantGroup;
			children = (
				BE03A47924453A3100590983 /* Base */,
			);
			name = Main.storyboard;
			sourceTree = "<group>";
		};
		BE03A47D24453A3700590983 /* LaunchScreen.storyboard */ = {
			isa = PBXVariantGroup;
			children = (
				BE03A47E24453A3700590983 /* Base */,
			);
			name = LaunchScreen.storyboard;
			sourceTree = "<group>";
		};
/* End PBXVariantGroup section */

/* Begin XCBuildConfiguration section */
		BE03A49724453A3800590983 /* Debug */ = {
			isa = XCBuildConfiguration;
			buildSettings = {
				ALWAYS_SEARCH_USER_PATHS = NO;
				CLANG_ANALYZER_NONNULL = YES;
				CLANG_ANALYZER_NUMBER_OBJECT_CONVERSION = YES_AGGRESSIVE;
				CLANG_CXX_LANGUAGE_STANDARD = "gnu++14";
				CLANG_CXX_LIBRARY = "libc++";
				CLANG_ENABLE_MODULES = YES;
				CLANG_ENABLE_OBJC_ARC = YES;
				CLANG_ENABLE_OBJC_WEAK = YES;
				CLANG_WARN_BLOCK_CAPTURE_AUTORELEASING = YES;
				CLANG_WARN_BOOL_CONVERSION = YES;
				CLANG_WARN_COMMA = YES;
				CLANG_WARN_CONSTANT_CONVERSION = YES;
				CLANG_WARN_DEPRECATED_OBJC_IMPLEMENTATIONS = YES;
				CLANG_WARN_DIRECT_OBJC_ISA_USAGE = YES_ERROR;
				CLANG_WARN_DOCUMENTATION_COMMENTS = YES;
				CLANG_WARN_EMPTY_BODY = YES;
				CLANG_WARN_ENUM_CONVERSION = YES;
				CLANG_WARN_INFINITE_RECURSION = YES;
				CLANG_WARN_INT_CONVERSION = YES;
				CLANG_WARN_NON_LITERAL_NULL_CONVERSION = YES;
				CLANG_WARN_OBJC_IMPLICIT_RETAIN_SELF = YES;
				CLANG_WARN_OBJC_LITERAL_CONVERSION = YES;
				CLANG_WARN_OBJC_ROOT_CLASS = YES_ERROR;
				CLANG_WARN_RANGE_LOOP_ANALYSIS = YES;
				CLANG_WARN_STRICT_PROTOTYPES = YES;
				CLANG_WARN_SUSPICIOUS_MOVE = YES;
				CLANG_WARN_UNGUARDED_AVAILABILITY = YES_AGGRESSIVE;
				CLANG_WARN_UNREACHABLE_CODE = YES;
				CLANG_WARN__DUPLICATE_METHOD_MATCH = YES;
				COPY_PHASE_STRIP = NO;
				DEBUG_INFORMATION_FORMAT = dwarf;
				ENABLE_STRICT_OBJC_MSGSEND = YES;
				ENABLE_TESTABILITY = YES;
				GCC_C_LANGUAGE_STANDARD = gnu11;
				GCC_DYNAMIC_NO_PIC = NO;
				GCC_NO_COMMON_BLOCKS = YES;
				GCC_OPTIMIZATION_LEVEL = 0;
				GCC_PREPROCESSOR_DEFINITIONS = (
					"DEBUG=1",
					"$(inherited)",
				);
				GCC_WARN_64_TO_32_BIT_CONVERSION = YES;
				GCC_WARN_ABOUT_RETURN_TYPE = YES_ERROR;
				GCC_WARN_UNDECLARED_SELECTOR = YES;
				GCC_WARN_UNINITIALIZED_AUTOS = YES_AGGRESSIVE;
				GCC_WARN_UNUSED_FUNCTION = YES;
				GCC_WARN_UNUSED_VARIABLE = YES;
				IPHONEOS_DEPLOYMENT_TARGET = 13.2;
				MTL_ENABLE_DEBUG_INFO = INCLUDE_SOURCE;
				MTL_FAST_MATH = YES;
				ONLY_ACTIVE_ARCH = YES;
				SDKROOT = iphoneos;
				SWIFT_ACTIVE_COMPILATION_CONDITIONS = DEBUG;
				SWIFT_OPTIMIZATION_LEVEL = "-Onone";
			};
			name = Debug;
		};
		BE03A49824453A3800590983 /* Release */ = {
			isa = XCBuildConfiguration;
			buildSettings = {
				ALWAYS_SEARCH_USER_PATHS = NO;
				CLANG_ANALYZER_NONNULL = YES;
				CLANG_ANALYZER_NUMBER_OBJECT_CONVERSION = YES_AGGRESSIVE;
				CLANG_CXX_LANGUAGE_STANDARD = "gnu++14";
				CLANG_CXX_LIBRARY = "libc++";
				CLANG_ENABLE_MODULES = YES;
				CLANG_ENABLE_OBJC_ARC = YES;
				CLANG_ENABLE_OBJC_WEAK = YES;
				CLANG_WARN_BLOCK_CAPTURE_AUTORELEASING = YES;
				CLANG_WARN_BOOL_CONVERSION = YES;
				CLANG_WARN_COMMA = YES;
				CLANG_WARN_CONSTANT_CONVERSION = YES;
				CLANG_WARN_DEPRECATED_OBJC_IMPLEMENTATIONS = YES;
				CLANG_WARN_DIRECT_OBJC_ISA_USAGE = YES_ERROR;
				CLANG_WARN_DOCUMENTATION_COMMENTS = YES;
				CLANG_WARN_EMPTY_BODY = YES;
				CLANG_WARN_ENUM_CONVERSION = YES;
				CLANG_WARN_INFINITE_RECURSION = YES;
				CLANG_WARN_INT_CONVERSION = YES;
				CLANG_WARN_NON_LITERAL_NULL_CONVERSION = YES;
				CLANG_WARN_OBJC_IMPLICIT_RETAIN_SELF = YES;
				CLANG_WARN_OBJC_LITERAL_CONVERSION = YES;
				CLANG_WARN_OBJC_ROOT_CLASS = YES_ERROR;
				CLANG_WARN_RANGE_LOOP_ANALYSIS = YES;
				CLANG_WARN_STRICT_PROTOTYPES = YES;
				CLANG_WARN_SUSPICIOUS_MOVE = YES;
				CLANG_WARN_UNGUARDED_AVAILABILITY = YES_AGGRESSIVE;
				CLANG_WARN_UNREACHABLE_CODE = YES;
				CLANG_WARN__DUPLICATE_METHOD_MATCH = YES;
				COPY_PHASE_STRIP = NO;
				DEBUG_INFORMATION_FORMAT = "dwarf-with-dsym";
				ENABLE_NS_ASSERTIONS = NO;
				ENABLE_STRICT_OBJC_MSGSEND = YES;
				GCC_C_LANGUAGE_STANDARD = gnu11;
				GCC_NO_COMMON_BLOCKS = YES;
				GCC_WARN_64_TO_32_BIT_CONVERSION = YES;
				GCC_WARN_ABOUT_RETURN_TYPE = YES_ERROR;
				GCC_WARN_UNDECLARED_SELECTOR = YES;
				GCC_WARN_UNINITIALIZED_AUTOS = YES_AGGRESSIVE;
				GCC_WARN_UNUSED_FUNCTION = YES;
				GCC_WARN_UNUSED_VARIABLE = YES;
				IPHONEOS_DEPLOYMENT_TARGET = 13.2;
				MTL_ENABLE_DEBUG_INFO = NO;
				MTL_FAST_MATH = YES;
				SDKROOT = iphoneos;
				SWIFT_COMPILATION_MODE = wholemodule;
				SWIFT_OPTIMIZATION_LEVEL = "-O";
				VALIDATE_PRODUCT = YES;
			};
			name = Release;
		};
		BE03A49A24453A3800590983 /* Debug */ = {
			isa = XCBuildConfiguration;
			buildSettings = {
				ASSETCATALOG_COMPILER_APPICON_NAME = AppIcon;
				CODE_SIGN_STYLE = Automatic;
				INFOPLIST_FILE = EasyHangouts/Info.plist;
				LD_RUNPATH_SEARCH_PATHS = (
					"$(inherited)",
					"@executable_path/Frameworks",
				);
				PRODUCT_BUNDLE_IDENTIFIER = gautamshivramesh.EasyHangouts;
				PRODUCT_NAME = "$(TARGET_NAME)";
				SWIFT_VERSION = 5.0;
				TARGETED_DEVICE_FAMILY = "1,2";
			};
			name = Debug;
		};
		BE03A49B24453A3800590983 /* Release */ = {
			isa = XCBuildConfiguration;
			buildSettings = {
				ASSETCATALOG_COMPILER_APPICON_NAME = AppIcon;
				CODE_SIGN_STYLE = Automatic;
				INFOPLIST_FILE = EasyHangouts/Info.plist;
				LD_RUNPATH_SEARCH_PATHS = (
					"$(inherited)",
					"@executable_path/Frameworks",
				);
				PRODUCT_BUNDLE_IDENTIFIER = gautamshivramesh.EasyHangouts;
				PRODUCT_NAME = "$(TARGET_NAME)";
				SWIFT_VERSION = 5.0;
				TARGETED_DEVICE_FAMILY = "1,2";
			};
			name = Release;
		};
		BE03A49D24453A3800590983 /* Debug */ = {
			isa = XCBuildConfiguration;
			buildSettings = {
				ALWAYS_EMBED_SWIFT_STANDARD_LIBRARIES = YES;
				BUNDLE_LOADER = "$(TEST_HOST)";
				CODE_SIGN_STYLE = Automatic;
				INFOPLIST_FILE = EasyHangoutsTests/Info.plist;
				IPHONEOS_DEPLOYMENT_TARGET = 13.2;
				LD_RUNPATH_SEARCH_PATHS = (
					"$(inherited)",
					"@executable_path/Frameworks",
					"@loader_path/Frameworks",
				);
				PRODUCT_BUNDLE_IDENTIFIER = gautamshivramesh.EasyHangoutsTests;
				PRODUCT_NAME = "$(TARGET_NAME)";
				SWIFT_VERSION = 5.0;
				TARGETED_DEVICE_FAMILY = "1,2";
				TEST_HOST = "$(BUILT_PRODUCTS_DIR)/EasyHangouts.app/EasyHangouts";
			};
			name = Debug;
		};
		BE03A49E24453A3800590983 /* Release */ = {
			isa = XCBuildConfiguration;
			buildSettings = {
				ALWAYS_EMBED_SWIFT_STANDARD_LIBRARIES = YES;
				BUNDLE_LOADER = "$(TEST_HOST)";
				CODE_SIGN_STYLE = Automatic;
				INFOPLIST_FILE = EasyHangoutsTests/Info.plist;
				IPHONEOS_DEPLOYMENT_TARGET = 13.2;
				LD_RUNPATH_SEARCH_PATHS = (
					"$(inherited)",
					"@executable_path/Frameworks",
					"@loader_path/Frameworks",
				);
				PRODUCT_BUNDLE_IDENTIFIER = gautamshivramesh.EasyHangoutsTests;
				PRODUCT_NAME = "$(TARGET_NAME)";
				SWIFT_VERSION = 5.0;
				TARGETED_DEVICE_FAMILY = "1,2";
				TEST_HOST = "$(BUILT_PRODUCTS_DIR)/EasyHangouts.app/EasyHangouts";
			};
			name = Release;
		};
		BE03A4A024453A3800590983 /* Debug */ = {
			isa = XCBuildConfiguration;
			buildSettings = {
				ALWAYS_EMBED_SWIFT_STANDARD_LIBRARIES = YES;
				CODE_SIGN_STYLE = Automatic;
				INFOPLIST_FILE = EasyHangoutsUITests/Info.plist;
				LD_RUNPATH_SEARCH_PATHS = (
					"$(inherited)",
					"@executable_path/Frameworks",
					"@loader_path/Frameworks",
				);
				PRODUCT_BUNDLE_IDENTIFIER = gautamshivramesh.EasyHangoutsUITests;
				PRODUCT_NAME = "$(TARGET_NAME)";
				SWIFT_VERSION = 5.0;
				TARGETED_DEVICE_FAMILY = "1,2";
				TEST_TARGET_NAME = EasyHangouts;
			};
			name = Debug;
		};
		BE03A4A124453A3800590983 /* Release */ = {
			isa = XCBuildConfiguration;
			buildSettings = {
				ALWAYS_EMBED_SWIFT_STANDARD_LIBRARIES = YES;
				CODE_SIGN_STYLE = Automatic;
				INFOPLIST_FILE = EasyHangoutsUITests/Info.plist;
				LD_RUNPATH_SEARCH_PATHS = (
					"$(inherited)",
					"@executable_path/Frameworks",
					"@loader_path/Frameworks",
				);
				PRODUCT_BUNDLE_IDENTIFIER = gautamshivramesh.EasyHangoutsUITests;
				PRODUCT_NAME = "$(TARGET_NAME)";
				SWIFT_VERSION = 5.0;
				TARGETED_DEVICE_FAMILY = "1,2";
				TEST_TARGET_NAME = EasyHangouts;
			};
			name = Release;
		};
/* End XCBuildConfiguration section */

/* Begin XCConfigurationList section */
		BE03A46A24453A3100590983 /* Build configuration list for PBXProject "EasyHangouts" */ = {
			isa = XCConfigurationList;
			buildConfigurations = (
				BE03A49724453A3800590983 /* Debug */,
				BE03A49824453A3800590983 /* Release */,
			);
			defaultConfigurationIsVisible = 0;
			defaultConfigurationName = Release;
		};
		BE03A49924453A3800590983 /* Build configuration list for PBXNativeTarget "EasyHangouts" */ = {
			isa = XCConfigurationList;
			buildConfigurations = (
				BE03A49A24453A3800590983 /* Debug */,
				BE03A49B24453A3800590983 /* Release */,
			);
			defaultConfigurationIsVisible = 0;
			defaultConfigurationName = Release;
		};
		BE03A49C24453A3800590983 /* Build configuration list for PBXNativeTarget "EasyHangoutsTests" */ = {
			isa = XCConfigurationList;
			buildConfigurations = (
				BE03A49D24453A3800590983 /* Debug */,
				BE03A49E24453A3800590983 /* Release */,
			);
			defaultConfigurationIsVisible = 0;
			defaultConfigurationName = Release;
		};
		BE03A49F24453A3800590983 /* Build configuration list for PBXNativeTarget "EasyHangoutsUITests" */ = {
			isa = XCConfigurationList;
			buildConfigurations = (
				BE03A4A024453A3800590983 /* Debug */,
				BE03A4A124453A3800590983 /* Release */,
			);
			defaultConfigurationIsVisible = 0;
			defaultConfigurationName = Release;
		};
/* End XCConfigurationList section */
	};
	rootObject = BE03A46724453A3100590983 /* Project object */;
}
